{
  "originHash" : "0aa199a926f43ec4a5298ae6aadfcc9c942a3591992a645a7d5da653f8b068cd",
  "pins" : [
    {
      "identity" : "detaileddescription",
      "kind" : "remoteSourceControl",
      "location" : "https://github.com/Vaida12345/DetailedDescription.git",
      "state" : {
        "revision" : "d4ae923e6cc5dadc7219d54cbf31912889f7bf33",
        "version" : "2.1.1"
      }
    },
    {
      "identity" : "essentials",
      "kind" : "remoteSourceControl",
      "location" : "https://github.com/Vaida12345/Essentials.git",
      "state" : {
        "revision" : "29bb0ec3a79784a1dac861f5d48eac03e6c770b9",
        "version" : "1.1.4"
      }
    },
    {
      "identity" : "finderitem",
      "kind" : "remoteSourceControl",
      "location" : "https://github.com/Vaida12345/FinderItem.git",
      "state" : {
        "revision" : "b58f87ecb2cfed185a8f5d061725aea7fac201d5",
        "version" : "1.3.1"
      }
    }
  ],
  "version" : 3
}
